
Microsoft Visual Studio Solution File, Format Version 12.00
# Visual Studio Version 17
VisualStudioVersion = 17.11.35222.181
MinimumVisualStudioVersion = 10.0.40219.1
Project("{2150E333-8FDC-42A3-9474-1A3956D46DE8}") = "HelloGreetingAPI", "HelloGreetingAPI", "{CB03A7A2-7E05-42CD-90CB-D2149F40BF33}"
EndProject
Project("{2150E333-8FDC-42A3-9474-1A3956D46DE8}") = "Services", "Services", "{231175D1-1193-47C5-9233-12D4138B2B16}"
EndProject
Project("{FAE04EC0-301F-11D3-BF4B-00C04F79EFBC}") = "GreetingAPI", "GreetingAPI\GreetingAPI.csproj", "{FF55B256-ECC8-4CFA-987B-EE27ECE8E402}"
EndProject
Global
	GlobalSection(SolutionConfigurationPlatforms) = preSolution
		Debug|Any CPU = Debug|Any CPU
		Release|Any CPU = Release|Any CPU
	EndGlobalSection
	GlobalSection(ProjectConfigurationPlatforms) = postSolution
		{FF55B256-ECC8-4CFA-987B-EE27ECE8E402}.Debug|Any CPU.ActiveCfg = Debug|Any CPU
		{FF55B256-ECC8-4CFA-987B-EE27ECE8E402}.Debug|Any CPU.Build.0 = Debug|Any CPU
		{FF55B256-ECC8-4CFA-987B-EE27ECE8E402}.Release|Any CPU.ActiveCfg = Release|Any CPU
		{FF55B256-ECC8-4CFA-987B-EE27ECE8E402}.Release|Any CPU.Build.0 = Release|Any CPU
	EndGlobalSection
	GlobalSection(SolutionProperties) = preSolution
		HideSolutionNode = FALSE
	EndGlobalSection
	GlobalSection(NestedProjects) = preSolution
		{CB03A7A2-7E05-42CD-90CB-D2149F40BF33} = {231175D1-1193-47C5-9233-12D4138B2B16}
		{FF55B256-ECC8-4CFA-987B-EE27ECE8E402} = {CB03A7A2-7E05-42CD-90CB-D2149F40BF33}
	EndGlobalSection
	GlobalSection(ExtensibilityGlobals) = postSolution
		SolutionGuid = {6110D87A-75A8-4416-8444-D0B3D54B7F32}
	EndGlobalSection
EndGlobal
